
Microsoft Visual Studio Solution File, Format Version 12.00
# Visual Studio 2012
Project("{FAE04EC0-301F-11D3-BF4B-00C04F79EFBC}") = "NexStarRemote", "NexStarRemote.csproj", "{4958BBB2-0249-4C23-B9CC-B57A81FC4DFE}"
EndProject
Global
	GlobalSection(SolutionConfigurationPlatforms) = preSolution
		Debug|Any CPU = Debug|Any CPU
		Release|Any CPU = Release|Any CPU
	EndGlobalSection
	GlobalSection(ProjectConfigurationPlatforms) = postSolution
		{4958BBB2-0249-4C23-B9CC-B57A81FC4DFE}.Debug|Any CPU.ActiveCfg = Debug|Any CPU
		{4958BBB2-0249-4C23-B9CC-B57A81FC4DFE}.Debug|Any CPU.Build.0 = Debug|Any CPU
		{4958BBB2-0249-4C23-B9CC-B57A81FC4DFE}.Release|Any CPU.ActiveCfg = Release|Any CPU
		{4958BBB2-0249-4C23-B9CC-B57A81FC4DFE}.Release|Any CPU.Build.0 = Release|Any CPU
	EndGlobalSection
	GlobalSection(SolutionProperties) = preSolution
		HideSolutionNode = FALSE
	EndGlobalSection
EndGlobal
